// !$*UTF8*$!
{
	archiveVersion = 1;
	classes = {
	};
	objectVersion = 46;
	objects = {

/* Begin PBXBuildFile section */
		95162C1B1B81E5FF00C358F3 /* main.m in Sources */ = {isa = PBXBuildFile; fileRef = 95162C1A1B81E5FF00C358F3 /* main.m */; };
		95162C1E1B81E5FF00C358F3 /* AppDelegate.m in Sources */ = {isa = PBXBuildFile; fileRef = 95162C1D1B81E5FF00C358F3 /* AppDelegate.m */; };
		95162C211B81E5FF00C358F3 /* RootViewController.m in Sources */ = {isa = PBXBuildFile; fileRef = 95162C201B81E5FF00C358F3 /* RootViewController.m */; };
		95162C241B81E5FF00C358F3 /* DataViewController.m in Sources */ = {isa = PBXBuildFile; fileRef = 95162C231B81E5FF00C358F3 /* DataViewController.m */; };
		95162C271B81E5FF00C358F3 /* ModelController.m in Sources */ = {isa = PBXBuildFile; fileRef = 95162C261B81E5FF00C358F3 /* ModelController.m */; };
		95162C2A1B81E5FF00C358F3 /* Main.storyboard in Resources */ = {isa = PBXBuildFile; fileRef = 95162C281B81E5FF00C358F3 /* Main.storyboard */; };
		95162C2C1B81E5FF00C358F3 /* Images.xcassets in Resources */ = {isa = PBXBuildFile; fileRef = 95162C2B1B81E5FF00C358F3 /* Images.xcassets */; };
		95162C2F1B81E5FF00C358F3 /* LaunchScreen.xib in Resources */ = {isa = PBXBuildFile; fileRef = 95162C2D1B81E5FF00C358F3 /* LaunchScreen.xib */; };
		95162C3B1B81E5FF00C358F3 /* sayfaTests.m in Sources */ = {isa = PBXBuildFile; fileRef = 95162C3A1B81E5FF00C358F3 /* sayfaTests.m */; };
/* End PBXBuildFile section */

/* Begin PBXContainerItemProxy section */
		95162C351B81E5FF00C358F3 /* PBXContainerItemProxy */ = {
			isa = PBXContainerItemProxy;
			containerPortal = 95162C0D1B81E5FF00C358F3 /* Project object */;
			proxyType = 1;
			remoteGlobalIDString = 95162C141B81E5FF00C358F3;
			remoteInfo = sayfa;
		};
/* End PBXContainerItemProxy section */

/* Begin PBXFileReference section */
		95162C151B81E5FF00C358F3 /* sayfa.app */ = {isa = PBXFileReference; explicitFileType = wrapper.application; includeInIndex = 0; path = sayfa.app; sourceTree = BUILT_PRODUCTS_DIR; };
		95162C191B81E5FF00C358F3 /* Info.plist */ = {isa = PBXFileReference; lastKnownFileType = text.plist.xml; path = Info.plist; sourceTree = "<group>"; };
		95162C1A1B81E5FF00C358F3 /* main.m */ = {isa = PBXFileReference; lastKnownFileType = sourcecode.c.objc; path = main.m; sourceTree = "<group>"; };
		95162C1C1B81E5FF00C358F3 /* AppDelegate.h */ = {isa = PBXFileReference; lastKnownFileType = sourcecode.c.h; path = AppDelegate.h; sourceTree = "<group>"; };
		95162C1D1B81E5FF00C358F3 /* AppDelegate.m */ = {isa = PBXFileReference; lastKnownFileType = sourcecode.c.objc; path = AppDelegate.m; sourceTree = "<group>"; };
		95162C1F1B81E5FF00C358F3 /* RootViewController.h */ = {isa = PBXFileReference; lastKnownFileType = sourcecode.c.h; path = RootViewController.h; sourceTree = "<group>"; };
		95162C201B81E5FF00C358F3 /* RootViewController.m */ = {isa = PBXFileReference; lastKnownFileType = sourcecode.c.objc; path = RootViewController.m; sourceTree = "<group>"; };
		95162C221B81E5FF00C358F3 /* DataViewController.h */ = {isa = PBXFileReference; lastKnownFileType = sourcecode.c.h; path = DataViewController.h; sourceTree = "<group>"; };
		95162C231B81E5FF00C358F3 /* DataViewController.m */ = {isa = PBXFileReference; lastKnownFileType = sourcecode.c.objc; path = DataViewController.m; sourceTree = "<group>"; };
		95162C251B81E5FF00C358F3 /* ModelController.h */ = {isa = PBXFileReference; lastKnownFileType = sourcecode.c.h; path = ModelController.h; sourceTree = "<group>"; };
		95162C261B81E5FF00C358F3 /* ModelController.m */ = {isa = PBXFileReference; lastKnownFileType = sourcecode.c.objc; path = ModelController.m; sourceTree = "<group>"; };
		95162C291B81E5FF00C358F3 /* Base */ = {isa = PBXFileReference; lastKnownFileType = file.storyboard; name = Base; path = Base.lproj/Main.storyboard; sourceTree = "<group>"; };
		95162C2B1B81E5FF00C358F3 /* Images.xcassets */ = {isa = PBXFileReference; lastKnownFileType = folder.assetcatalog; path = Images.xcassets; sourceTree = "<group>"; };
		95162C2E1B81E5FF00C358F3 /* Base */ = {isa = PBXFileReference; lastKnownFileType = file.xib; name = Base; path = Base.lproj/LaunchScreen.xib; sourceTree = "<group>"; };
		95162C341B81E5FF00C358F3 /* sayfaTests.xctest */ = {isa = PBXFileReference; explicitFileType = wrapper.cfbundle; includeInIndex = 0; path = sayfaTests.xctest; sourceTree = BUILT_PRODUCTS_DIR; };
		95162C391B81E5FF00C358F3 /* Info.plist */ = {isa = PBXFileReference; lastKnownFileType = text.plist.xml; path = Info.plist; sourceTree = "<group>"; };
		95162C3A1B81E5FF00C358F3 /* sayfaTests.m */ = {isa = PBXFileReference; lastKnownFileType = sourcecode.c.objc; path = sayfaTests.m; sourceTree = "<group>"; };
/* End PBXFileReference section */

/* Begin PBXFrameworksBuildPhase section */
		95162C121B81E5FF00C358F3 /* Frameworks */ = {
			isa = PBXFrameworksBuildPhase;
			buildActionMask = 2147483647;
			files = (
			);
			runOnlyForDeploymentPostprocessing = 0;
		};
		95162C311B81E5FF00C358F3 /* Frameworks */ = {
			isa = PBXFrameworksBuildPhase;
			buildActionMask = 2147483647;
			files = (
			);
			runOnlyForDeploymentPostprocessing = 0;
		};
/* End PBXFrameworksBuildPhase section */

/* Begin PBXGroup section */
		95162C0C1B81E5FF00C358F3 = {
			isa = PBXGroup;
			children = (
				95162C171B81E5FF00C358F3 /* sayfa */,
				95162C371B81E5FF00C358F3 /* sayfaTests */,
				95162C161B81E5FF00C358F3 /* Products */,
			);
			sourceTree = "<group>";
		};
		95162C161B81E5FF00C358F3 /* Products */ = {
			isa = PBXGroup;
			children = (
				95162C151B81E5FF00C358F3 /* sayfa.app */,
				95162C341B81E5FF00C358F3 /* sayfaTests.xctest */,
			);
			name = Products;
			sourceTree = "<group>";
		};
		95162C171B81E5FF00C358F3 /* sayfa */ = {
			isa = PBXGroup;
			children = (
				95162C1C1B81E5FF00C358F3 /* AppDelegate.h */,
				95162C1D1B81E5FF00C358F3 /* AppDelegate.m */,
				95162C1F1B81E5FF00C358F3 /* RootViewController.h */,
				95162C201B81E5FF00C358F3 /* RootViewController.m */,
				95162C221B81E5FF00C358F3 /* DataViewController.h */,
				95162C231B81E5FF00C358F3 /* DataViewController.m */,
				95162C251B81E5FF00C358F3 /* ModelController.h */,
				95162C261B81E5FF00C358F3 /* ModelController.m */,
				95162C281B81E5FF00C358F3 /* Main.storyboard */,
				95162C2B1B81E5FF00C358F3 /* Images.xcassets */,
				95162C2D1B81E5FF00C358F3 /* LaunchScreen.xib */,
				95162C181B81E5FF00C358F3 /* Supporting Files */,
			);
			path = sayfa;
			sourceTree = "<group>";
		};
		95162C181B81E5FF00C358F3 /* Supporting Files */ = {
			isa = PBXGroup;
			children = (
				95162C191B81E5FF00C358F3 /* Info.plist */,
				95162C1A1B81E5FF00C358F3 /* main.m */,
			);
			name = "Supporting Files";
			sourceTree = "<group>";
		};
		95162C371B81E5FF00C358F3 /* sayfaTests */ = {
			isa = PBXGroup;
			children = (
				95162C3A1B81E5FF00C358F3 /* sayfaTests.m */,
				95162C381B81E5FF00C358F3 /* Supporting Files */,
			);
			path = sayfaTests;
			sourceTree = "<group>";
		};
		95162C381B81E5FF00C358F3 /* Supporting Files */ = {
			isa = PBXGroup;
			children = (
				95162C391B81E5FF00C358F3 /* Info.plist */,
			);
			name = "Supporting Files";
			sourceTree = "<group>";
		};
/* End PBXGroup section */

/* Begin PBXNativeTarget section */
		95162C141B81E5FF00C358F3 /* sayfa */ = {
			isa = PBXNativeTarget;
			buildConfigurationList = 95162C3E1B81E5FF00C358F3 /* Build configuration list for PBXNativeTarget "sayfa" */;
			buildPhases = (
				95162C111B81E5FF00C358F3 /* Sources */,
				95162C121B81E5FF00C358F3 /* Frameworks */,
				95162C131B81E5FF00C358F3 /* Resources */,
			);
			buildRules = (
			);
			dependencies = (
			);
			name = sayfa;
			productName = sayfa;
			productReference = 95162C151B81E5FF00C358F3 /* sayfa.app */;
			productType = "com.apple.product-type.application";
		};
		95162C331B81E5FF00C358F3 /* sayfaTests */ = {
			isa = PBXNativeTarget;
			buildConfigurationList = 95162C411B81E5FF00C358F3 /* Build configuration list for PBXNativeTarget "sayfaTests" */;
			buildPhases = (
				95162C301B81E5FF00C358F3 /* Sources */,
				95162C311B81E5FF00C358F3 /* Frameworks */,
				95162C321B81E5FF00C358F3 /* Resources */,
			);
			buildRules = (
			);
			dependencies = (
				95162C361B81E5FF00C358F3 /* PBXTargetDependency */,
			);
			name = sayfaTests;
			productName = sayfaTests;
			productReference = 95162C341B81E5FF00C358F3 /* sayfaTests.xctest */;
			productType = "com.apple.product-type.bundle.unit-test";
		};
/* End PBXNativeTarget section */

/* Begin PBXProject section */
		95162C0D1B81E5FF00C358F3 /* Project object */ = {
			isa = PBXProject;
			attributes = {
				LastUpgradeCheck = 0630;
				ORGANIZATIONNAME = com.MyCodeIsWorking;
				TargetAttributes = {
					95162C141B81E5FF00C358F3 = {
						CreatedOnToolsVersion = 6.3.2;
					};
					95162C331B81E5FF00C358F3 = {
						CreatedOnToolsVersion = 6.3.2;
						TestTargetID = 95162C141B81E5FF00C358F3;
					};
				};
			};
			buildConfigurationList = 95162C101B81E5FF00C358F3 /* Build configuration list for PBXProject "sayfa" */;
			compatibilityVersion = "Xcode 3.2";
			developmentRegion = English;
			hasScannedForEncodings = 0;
			knownRegions = (
				en,
				Base,
			);
			mainGroup = 95162C0C1B81E5FF00C358F3;
			productRefGroup = 95162C161B81E5FF00C358F3 /* Products */;
			projectDirPath = "";
			projectRoot = "";
			targets = (
				95162C141B81E5FF00C358F3 /* sayfa */,
				95162C331B81E5FF00C358F3 /* sayfaTests */,
			);
		};
/* End PBXProject section */

/* Begin PBXResourcesBuildPhase section */
		95162C131B81E5FF00C358F3 /* Resources */ = {
			isa = PBXResourcesBuildPhase;
			buildActionMask = 2147483647;
			files = (
				95162C2A1B81E5FF00C358F3 /* Main.storyboard in Resources */,
				95162C2F1B81E5FF00C358F3 /* LaunchScreen.xib in Resources */,
				95162C2C1B81E5FF00C358F3 /* Images.xcassets in Resources */,
			);
			runOnlyForDeploymentPostprocessing = 0;
		};
		95162C321B81E5FF00C358F3 /* Resources */ = {
			isa = PBXResourcesBuildPhase;
			buildActionMask = 2147483647;
			files = (
			);
			runOnlyForDeploymentPostprocessing = 0;
		};
/* End PBXResourcesBuildPhase section */

/* Begin PBXSourcesBuildPhase section */
		95162C111B81E5FF00C358F3 /* Sources */ = {
			isa = PBXSourcesBuildPhase;
			buildActionMask = 2147483647;
			files = (
				95162C241B81E5FF00C358F3 /* DataViewController.m in Sources */,
				95162C1E1B81E5FF00C358F3 /* AppDelegate.m in Sources */,
				95162C271B81E5FF00C358F3 /* ModelController.m in Sources */,
				95162C1B1B81E5FF00C358F3 /* main.m in Sources */,
				95162C211B81E5FF00C358F3 /* RootViewController.m in Sources */,
			);
			runOnlyForDeploymentPostprocessing = 0;
		};
		95162C301B81E5FF00C358F3 /* Sources */ = {
			isa = PBXSourcesBuildPhase;
			buildActionMask = 2147483647;
			files = (
				95162C3B1B81E5FF00C358F3 /* sayfaTests.m in Sources */,
			);
			runOnlyForDeploymentPostprocessing = 0;
		};
/* End PBXSourcesBuildPhase section */

/* Begin PBXTargetDependency section */
		95162C361B81E5FF00C358F3 /* PBXTargetDependency */ = {
			isa = PBXTargetDependency;
			target = 95162C141B81E5FF00C358F3 /* sayfa */;
			targetProxy = 95162C351B81E5FF00C358F3 /* PBXContainerItemProxy */;
		};
/* End PBXTargetDependency section */

/* Begin PBXVariantGroup section */
		95162C281B81E5FF00C358F3 /* Main.storyboard */ = {
			isa = PBXVariantGroup;
			children = (
				95162C291B81E5FF00C358F3 /* Base */,
			);
			name = Main.storyboard;
			sourceTree = "<group>";
		};
		95162C2D1B81E5FF00C358F3 /* LaunchScreen.xib */ = {
			isa = PBXVariantGroup;
			children = (
				95162C2E1B81E5FF00C358F3 /* Base */,
			);
			name = LaunchScreen.xib;
			sourceTree = "<group>";
		};
/* End PBXVariantGroup section */

/* Begin XCBuildConfiguration section */
		95162C3C1B81E5FF00C358F3 /* Debug */ = {
			isa = XCBuildConfiguration;
			buildSettings = {
				ALWAYS_SEARCH_USER_PATHS = NO;
				CLANG_CXX_LANGUAGE_STANDARD = "gnu++0x";
				CLANG_CXX_LIBRARY = "libc++";
				CLANG_ENABLE_MODULES = YES;
				CLANG_ENABLE_OBJC_ARC = YES;
				CLANG_WARN_BOOL_CONVERSION = YES;
				CLANG_WARN_CONSTANT_CONVERSION = YES;
				CLANG_WARN_DIRECT_OBJC_ISA_USAGE = YES_ERROR;
				CLANG_WARN_EMPTY_BODY = YES;
				CLANG_WARN_ENUM_CONVERSION = YES;
				CLANG_WARN_INT_CONVERSION = YES;
				CLANG_WARN_OBJC_ROOT_CLASS = YES_ERROR;
				CLANG_WARN_UNREACHABLE_CODE = YES;
				CLANG_WARN__DUPLICATE_METHOD_MATCH = YES;
				"CODE_SIGN_IDENTITY[sdk=iphoneos*]" = "iPhone Developer";
				COPY_PHASE_STRIP = NO;
				DEBUG_INFORMATION_FORMAT = "dwarf-with-dsym";
				ENABLE_STRICT_OBJC_MSGSEND = YES;
				GCC_C_LANGUAGE_STANDARD = gnu99;
				GCC_DYNAMIC_NO_PIC = NO;
				GCC_NO_COMMON_BLOCKS = YES;
				GCC_OPTIMIZATION_LEVEL = 0;
				GCC_PREPROCESSOR_DEFINITIONS = (
					"DEBUG=1",
					"$(inherited)",
				);
				GCC_SYMBOLS_PRIVATE_EXTERN = NO;
				GCC_WARN_64_TO_32_BIT_CONVERSION = YES;
				GCC_WARN_ABOUT_RETURN_TYPE = YES_ERROR;
				GCC_WARN_UNDECLARED_SELECTOR = YES;
				GCC_WARN_UNINITIALIZED_AUTOS = YES_AGGRESSIVE;
				GCC_WARN_UNUSED_FUNCTION = YES;
				GCC_WARN_UNUSED_VARIABLE = YES;
				IPHONEOS_DEPLOYMENT_TARGET = 8.3;
				MTL_ENABLE_DEBUG_INFO = YES;
				ONLY_ACTIVE_ARCH = YES;
				SDKROOT = iphoneos;
			};
			name = Debug;
		};
		95162C3D1B81E5FF00C358F3 /* Release */ = {
			isa = XCBuildConfiguration;
			buildSettings = {
				ALWAYS_SEARCH_USER_PATHS = NO;
				CLANG_CXX_LANGUAGE_STANDARD = "gnu++0x";
				CLANG_CXX_LIBRARY = "libc++";
				CLANG_ENABLE_MODULES = YES;
				CLANG_ENABLE_OBJC_ARC = YES;
				CLANG_WARN_BOOL_CONVERSION = YES;
				CLANG_WARN_CONSTANT_CONVERSION = YES;
				CLANG_WARN_DIRECT_OBJC_ISA_USAGE = YES_ERROR;
				CLANG_WARN_EMPTY_BODY = YES;
				CLANG_WARN_ENUM_CONVERSION = YES;
				CLANG_WARN_INT_CONVERSION = YES;
				CLANG_WARN_OBJC_ROOT_CLASS = YES_ERROR;
				CLANG_WARN_UNREACHABLE_CODE = YES;
				CLANG_WARN__DUPLICATE_METHOD_MATCH = YES;
				"CODE_SIGN_IDENTITY[sdk=iphoneos*]" = "iPhone Developer";
				COPY_PHASE_STRIP = NO;
				DEBUG_INFORMATION_FORMAT = "dwarf-with-dsym";
				ENABLE_NS_ASSERTIONS = NO;
				ENABLE_STRICT_OBJC_MSGSEND = YES;
				GCC_C_LANGUAGE_STANDARD = gnu99;
				GCC_NO_COMMON_BLOCKS = YES;
				GCC_WARN_64_TO_32_BIT_CONVERSION = YES;
				GCC_WARN_ABOUT_RETURN_TYPE = YES_ERROR;
				GCC_WARN_UNDECLARED_SELECTOR = YES;
				GCC_WARN_UNINITIALIZED_AUTOS = YES_AGGRESSIVE;
				GCC_WARN_UNUSED_FUNCTION = YES;
				GCC_WARN_UNUSED_VARIABLE = YES;
				IPHONEOS_DEPLOYMENT_TARGET = 8.3;
				MTL_ENABLE_DEBUG_INFO = NO;
				SDKROOT = iphoneos;
				VALIDATE_PRODUCT = YES;
			};
			name = Release;
		};
		95162C3F1B81E5FF00C358F3 /* Debug */ = {
			isa = XCBuildConfiguration;
			buildSettings = {
				ASSETCATALOG_COMPILER_APPICON_NAME = AppIcon;
				INFOPLIST_FILE = sayfa/Info.plist;
				LD_RUNPATH_SEARCH_PATHS = "$(inherited) @executable_path/Frameworks";
				PRODUCT_NAME = "$(TARGET_NAME)";
			};
			name = Debug;
		};
		95162C401B81E5FF00C358F3 /* Release */ = {
			isa = XCBuildConfiguration;
			buildSettings = {
				ASSETCATALOG_COMPILER_APPICON_NAME = AppIcon;
				INFOPLIST_FILE = sayfa/Info.plist;
				LD_RUNPATH_SEARCH_PATHS = "$(inherited) @executable_path/Frameworks";
				PRODUCT_NAME = "$(TARGET_NAME)";
			};
			name = Release;
		};
		95162C421B81E5FF00C358F3 /* Debug */ = {
			isa = XCBuildConfiguration;
			buildSettings = {
				BUNDLE_LOADER = "$(TEST_HOST)";
				FRAMEWORK_SEARCH_PATHS = (
					"$(SDKROOT)/Developer/Library/Frameworks",
					"$(inherited)",
				);
				GCC_PREPROCESSOR_DEFINITIONS = (
					"DEBUG=1",
					"$(inherited)",
				);
				INFOPLIST_FILE = sayfaTests/Info.plist;
				LD_RUNPATH_SEARCH_PATHS = "$(inherited) @executable_path/Frameworks @loader_path/Frameworks";
				PRODUCT_NAME = "$(TARGET_NAME)";
				TEST_HOST = "$(BUILT_PRODUCTS_DIR)/sayfa.app/sayfa";
			};
			name = Debug;
		};
		95162C431B81E5FF00C358F3 /* Release */ = {
			isa = XCBuildConfiguration;
			buildSettings = {
				BUNDLE_LOADER = "$(TEST_HOST)";
				FRAMEWORK_SEARCH_PATHS = (
					"$(SDKROOT)/Developer/Library/Frameworks",
					"$(inherited)",
				);
				INFOPLIST_FILE = sayfaTests/Info.plist;
				LD_RUNPATH_SEARCH_PATHS = "$(inherited) @executable_path/Frameworks @loader_path/Frameworks";
				PRODUCT_NAME = "$(TARGET_NAME)";
				TEST_HOST = "$(BUILT_PRODUCTS_DIR)/sayfa.app/sayfa";
			};
			name = Release;
		};
/* End XCBuildConfiguration section */

/* Begin XCConfigurationList section */
		95162C101B81E5FF00C358F3 /* Build configuration list for PBXProject "sayfa" */ = {
			isa = XCConfigurationList;
			buildConfigurations = (
				95162C3C1B81E5FF00C358F3 /* Debug */,
				95162C3D1B81E5FF00C358F3 /* Release */,
			);
			defaultConfigurationIsVisible = 0;
			defaultConfigurationName = Release;
		};
		95162C3E1B81E5FF00C358F3 /* Build configuration list for PBXNativeTarget "sayfa" */ = {
			isa = XCConfigurationList;
			buildConfigurations = (
				95162C3F1B81E5FF00C358F3 /* Debug */,
				95162C401B81E5FF00C358F3 /* Release */,
			);
			defaultConfigurationIsVisible = 0;
		};
		95162C411B81E5FF00C358F3 /* Build configuration list for PBXNativeTarget "sayfaTests" */ = {
			isa = XCConfigurationList;
			buildConfigurations = (
				95162C421B81E5FF00C358F3 /* Debug */,
				95162C431B81E5FF00C358F3 /* Release */,
			);
			defaultConfigurationIsVisible = 0;
		};
/* End XCConfigurationList section */
	};
	rootObject = 95162C0D1B81E5FF00C358F3 /* Project object */;
}
